// !$*UTF8*$!
{
	archiveVersion = 1;
	classes = {
	};
	objectVersion = 56;
	objects = {

/* Begin PBXBuildFile section */
		1A2425C3295DF3CD00D1C304 /* NPPLegislatureApp.swift in Sources */ = {isa = PBXBuildFile; fileRef = 1A2425C2295DF3CD00D1C304 /* NPPLegislatureApp.swift */; };
		1A2425C5295DF3CD00D1C304 /* ContentView.swift in Sources */ = {isa = PBXBuildFile; fileRef = 1A2425C4295DF3CD00D1C304 /* ContentView.swift */; };
		1A2425C7295DF3CD00D1C304 /* Assets.xcassets in Resources */ = {isa = PBXBuildFile; fileRef = 1A2425C6295DF3CD00D1C304 /* Assets.xcassets */; };
		1A2425CB295DF3CD00D1C304 /* Preview Assets.xcassets in Resources */ = {isa = PBXBuildFile; fileRef = 1A2425CA295DF3CD00D1C304 /* Preview Assets.xcassets */; };
		1A2425D3295DF45E00D1C304 /* ComposableArchitecture in Frameworks */ = {isa = PBXBuildFile; productRef = 1A2425D2295DF45E00D1C304 /* ComposableArchitecture */; };
		1A2425D5295DF45E00D1C304 /* Dependencies in Frameworks */ = {isa = PBXBuildFile; productRef = 1A2425D4295DF45E00D1C304 /* Dependencies */; };
		1A98BE7F295E94CC00464FF7 /* BillRawData.swift in Sources */ = {isa = PBXBuildFile; fileRef = 1A98BE7E295E94CC00464FF7 /* BillRawData.swift */; };
		1A98BE81295E955500464FF7 /* BillResponseRawData.swift in Sources */ = {isa = PBXBuildFile; fileRef = 1A98BE80295E955500464FF7 /* BillResponseRawData.swift */; };
		1A98BE83295E958700464FF7 /* BillColumnRawData.swift in Sources */ = {isa = PBXBuildFile; fileRef = 1A98BE82295E958700464FF7 /* BillColumnRawData.swift */; };
		1A98BE87295E963C00464FF7 /* QuestionRawData.swift in Sources */ = {isa = PBXBuildFile; fileRef = 1A98BE86295E963C00464FF7 /* QuestionRawData.swift */; };
		1A98BE89295E9AD400464FF7 /* QuestionColumnRawData.swift in Sources */ = {isa = PBXBuildFile; fileRef = 1A98BE88295E9AD400464FF7 /* QuestionColumnRawData.swift */; };
		1A98BE8B295E9B8600464FF7 /* QuestionResponseRawData.swift in Sources */ = {isa = PBXBuildFile; fileRef = 1A98BE8A295E9B8600464FF7 /* QuestionResponseRawData.swift */; };
		1A98BE902961DEAE00464FF7 /* BillListView.swift in Sources */ = {isa = PBXBuildFile; fileRef = 1A98BE8F2961DEAE00464FF7 /* BillListView.swift */; };
		1A98BE922961E0B600464FF7 /* BillListCore.swift in Sources */ = {isa = PBXBuildFile; fileRef = 1A98BE912961E0B600464FF7 /* BillListCore.swift */; };
		1A98BE962961E3E500464FF7 /* BillView.swift in Sources */ = {isa = PBXBuildFile; fileRef = 1A98BE952961E3E500464FF7 /* BillView.swift */; };
		1A98BE982961EB2800464FF7 /* BillCore.swift in Sources */ = {isa = PBXBuildFile; fileRef = 1A98BE972961EB2800464FF7 /* BillCore.swift */; };
/* End PBXBuildFile section */

/* Begin PBXFileReference section */
		1A2425BF295DF3CD00D1C304 /* NPPLegislature.app */ = {isa = PBXFileReference; explicitFileType = wrapper.application; includeInIndex = 0; path = NPPLegislature.app; sourceTree = BUILT_PRODUCTS_DIR; };
		1A2425C2295DF3CD00D1C304 /* NPPLegislatureApp.swift */ = {isa = PBXFileReference; lastKnownFileType = sourcecode.swift; path = NPPLegislatureApp.swift; sourceTree = "<group>"; };
		1A2425C4295DF3CD00D1C304 /* ContentView.swift */ = {isa = PBXFileReference; lastKnownFileType = sourcecode.swift; path = ContentView.swift; sourceTree = "<group>"; };
		1A2425C6295DF3CD00D1C304 /* Assets.xcassets */ = {isa = PBXFileReference; lastKnownFileType = folder.assetcatalog; path = Assets.xcassets; sourceTree = "<group>"; };
		1A2425C8295DF3CD00D1C304 /* NPPLegislature.entitlements */ = {isa = PBXFileReference; lastKnownFileType = text.plist.entitlements; path = NPPLegislature.entitlements; sourceTree = "<group>"; };
		1A2425CA295DF3CD00D1C304 /* Preview Assets.xcassets */ = {isa = PBXFileReference; lastKnownFileType = folder.assetcatalog; path = "Preview Assets.xcassets"; sourceTree = "<group>"; };
		1A98BE7E295E94CC00464FF7 /* BillRawData.swift */ = {isa = PBXFileReference; indentWidth = 2; lastKnownFileType = sourcecode.swift; path = BillRawData.swift; sourceTree = "<group>"; tabWidth = 2; };
		1A98BE80295E955500464FF7 /* BillResponseRawData.swift */ = {isa = PBXFileReference; indentWidth = 2; lastKnownFileType = sourcecode.swift; path = BillResponseRawData.swift; sourceTree = "<group>"; tabWidth = 2; };
		1A98BE82295E958700464FF7 /* BillColumnRawData.swift */ = {isa = PBXFileReference; indentWidth = 2; lastKnownFileType = sourcecode.swift; path = BillColumnRawData.swift; sourceTree = "<group>"; tabWidth = 2; };
		1A98BE86295E963C00464FF7 /* QuestionRawData.swift */ = {isa = PBXFileReference; indentWidth = 2; lastKnownFileType = sourcecode.swift; path = QuestionRawData.swift; sourceTree = "<group>"; tabWidth = 2; };
		1A98BE88295E9AD400464FF7 /* QuestionColumnRawData.swift */ = {isa = PBXFileReference; indentWidth = 2; lastKnownFileType = sourcecode.swift; path = QuestionColumnRawData.swift; sourceTree = "<group>"; tabWidth = 2; };
		1A98BE8A295E9B8600464FF7 /* QuestionResponseRawData.swift */ = {isa = PBXFileReference; indentWidth = 2; lastKnownFileType = sourcecode.swift; path = QuestionResponseRawData.swift; sourceTree = "<group>"; tabWidth = 2; };
		1A98BE8F2961DEAE00464FF7 /* BillListView.swift */ = {isa = PBXFileReference; indentWidth = 2; lastKnownFileType = sourcecode.swift; path = BillListView.swift; sourceTree = "<group>"; tabWidth = 2; };
		1A98BE912961E0B600464FF7 /* BillListCore.swift */ = {isa = PBXFileReference; indentWidth = 2; lastKnownFileType = sourcecode.swift; path = BillListCore.swift; sourceTree = "<group>"; tabWidth = 2; };
		1A98BE952961E3E500464FF7 /* BillView.swift */ = {isa = PBXFileReference; indentWidth = 2; lastKnownFileType = sourcecode.swift; path = BillView.swift; sourceTree = "<group>"; tabWidth = 2; };
		1A98BE972961EB2800464FF7 /* BillCore.swift */ = {isa = PBXFileReference; lastKnownFileType = sourcecode.swift; path = BillCore.swift; sourceTree = "<group>"; };
/* End PBXFileReference section */

/* Begin PBXFrameworksBuildPhase section */
		1A2425BC295DF3CC00D1C304 /* Frameworks */ = {
			isa = PBXFrameworksBuildPhase;
			buildActionMask = 2147483647;
			files = (
				1A2425D3295DF45E00D1C304 /* ComposableArchitecture in Frameworks */,
				1A2425D5295DF45E00D1C304 /* Dependencies in Frameworks */,
			);
			runOnlyForDeploymentPostprocessing = 0;
		};
/* End PBXFrameworksBuildPhase section */

/* Begin PBXGroup section */
		1A2425B6295DF3CC00D1C304 = {
			isa = PBXGroup;
			children = (
				1A2425C1295DF3CD00D1C304 /* NPPLegislature */,
				1A2425C0295DF3CD00D1C304 /* Products */,
			);
			sourceTree = "<group>";
		};
		1A2425C0295DF3CD00D1C304 /* Products */ = {
			isa = PBXGroup;
			children = (
				1A2425BF295DF3CD00D1C304 /* NPPLegislature.app */,
			);
			name = Products;
			sourceTree = "<group>";
		};
		1A2425C1295DF3CD00D1C304 /* NPPLegislature */ = {
			isa = PBXGroup;
			children = (
				1A2425C2295DF3CD00D1C304 /* NPPLegislatureApp.swift */,
				1A2425C4295DF3CD00D1C304 /* ContentView.swift */,
				1A98BE8C2961DE6600464FF7 /* Scene */,
				1A98BE7D295E948400464FF7 /* Model */,
				1A2425C6295DF3CD00D1C304 /* Assets.xcassets */,
				1A2425C8295DF3CD00D1C304 /* NPPLegislature.entitlements */,
				1A2425C9295DF3CD00D1C304 /* Preview Content */,
			);
			path = NPPLegislature;
			sourceTree = "<group>";
		};
		1A2425C9295DF3CD00D1C304 /* Preview Content */ = {
			isa = PBXGroup;
			children = (
				1A2425CA295DF3CD00D1C304 /* Preview Assets.xcassets */,
			);
			path = "Preview Content";
			sourceTree = "<group>";
		};
		1A98BE7D295E948400464FF7 /* Model */ = {
			isa = PBXGroup;
			children = (
				1A98BE85295E961100464FF7 /* Question */,
				1A98BE84295E95EC00464FF7 /* Bill */,
			);
			path = Model;
			sourceTree = "<group>";
		};
		1A98BE84295E95EC00464FF7 /* Bill */ = {
			isa = PBXGroup;
			children = (
				1A98BE7E295E94CC00464FF7 /* BillRawData.swift */,
				1A98BE82295E958700464FF7 /* BillColumnRawData.swift */,
				1A98BE80295E955500464FF7 /* BillResponseRawData.swift */,
			);
			path = Bill;
			sourceTree = "<group>";
		};
		1A98BE85295E961100464FF7 /* Question */ = {
			isa = PBXGroup;
			children = (
				1A98BE86295E963C00464FF7 /* QuestionRawData.swift */,
				1A98BE88295E9AD400464FF7 /* QuestionColumnRawData.swift */,
				1A98BE8A295E9B8600464FF7 /* QuestionResponseRawData.swift */,
			);
			path = Question;
			sourceTree = "<group>";
		};
		1A98BE8C2961DE6600464FF7 /* Scene */ = {
			isa = PBXGroup;
			children = (
				1A98BE932961E3B200464FF7 /* Bill */,
				1A98BE8D2961DE8400464FF7 /* BillList */,
				1A98BE942961E3C100464FF7 /* Question */,
				1A98BE8E2961DE8F00464FF7 /* QuestionList */,
			);
			path = Scene;
			sourceTree = "<group>";
		};
		1A98BE8D2961DE8400464FF7 /* BillList */ = {
			isa = PBXGroup;
			children = (
				1A98BE912961E0B600464FF7 /* BillListCore.swift */,
				1A98BE8F2961DEAE00464FF7 /* BillListView.swift */,
			);
			path = BillList;
			sourceTree = "<group>";
		};
		1A98BE8E2961DE8F00464FF7 /* QuestionList */ = {
			isa = PBXGroup;
			children = (
			);
			path = QuestionList;
			sourceTree = "<group>";
		};
		1A98BE932961E3B200464FF7 /* Bill */ = {
			isa = PBXGroup;
			children = (
				1A98BE972961EB2800464FF7 /* BillCore.swift */,
				1A98BE952961E3E500464FF7 /* BillView.swift */,
			);
			path = Bill;
			sourceTree = "<group>";
		};
		1A98BE942961E3C100464FF7 /* Question */ = {
			isa = PBXGroup;
			children = (
			);
			path = Question;
			sourceTree = "<group>";
		};
/* End PBXGroup section */

/* Begin PBXNativeTarget section */
		1A2425BE295DF3CC00D1C304 /* NPPLegislature */ = {
			isa = PBXNativeTarget;
			buildConfigurationList = 1A2425CE295DF3CD00D1C304 /* Build configuration list for PBXNativeTarget "NPPLegislature" */;
			buildPhases = (
				1A2425BB295DF3CC00D1C304 /* Sources */,
				1A2425BC295DF3CC00D1C304 /* Frameworks */,
				1A2425BD295DF3CC00D1C304 /* Resources */,
			);
			buildRules = (
			);
			dependencies = (
			);
			name = NPPLegislature;
			packageProductDependencies = (
				1A2425D2295DF45E00D1C304 /* ComposableArchitecture */,
				1A2425D4295DF45E00D1C304 /* Dependencies */,
			);
			productName = NPPLegislature;
			productReference = 1A2425BF295DF3CD00D1C304 /* NPPLegislature.app */;
			productType = "com.apple.product-type.application";
		};
/* End PBXNativeTarget section */

/* Begin PBXProject section */
		1A2425B7295DF3CC00D1C304 /* Project object */ = {
			isa = PBXProject;
			attributes = {
				BuildIndependentTargetsInParallel = 1;
				LastSwiftUpdateCheck = 1400;
				LastUpgradeCheck = 1400;
				TargetAttributes = {
					1A2425BE295DF3CC00D1C304 = {
						CreatedOnToolsVersion = 14.0;
					};
				};
			};
			buildConfigurationList = 1A2425BA295DF3CC00D1C304 /* Build configuration list for PBXProject "NPPLegislature" */;
			compatibilityVersion = "Xcode 14.0";
			developmentRegion = en;
			hasScannedForEncodings = 0;
			knownRegions = (
				en,
				Base,
			);
			mainGroup = 1A2425B6295DF3CC00D1C304;
			packageReferences = (
				1A2425D1295DF45E00D1C304 /* XCRemoteSwiftPackageReference "swift-composable-architecture" */,
			);
			productRefGroup = 1A2425C0295DF3CD00D1C304 /* Products */;
			projectDirPath = "";
			projectRoot = "";
			targets = (
				1A2425BE295DF3CC00D1C304 /* NPPLegislature */,
			);
		};
/* End PBXProject section */

/* Begin PBXResourcesBuildPhase section */
		1A2425BD295DF3CC00D1C304 /* Resources */ = {
			isa = PBXResourcesBuildPhase;
			buildActionMask = 2147483647;
			files = (
				1A2425CB295DF3CD00D1C304 /* Preview Assets.xcassets in Resources */,
				1A2425C7295DF3CD00D1C304 /* Assets.xcassets in Resources */,
			);
			runOnlyForDeploymentPostprocessing = 0;
		};
/* End PBXResourcesBuildPhase section */

/* Begin PBXSourcesBuildPhase section */
		1A2425BB295DF3CC00D1C304 /* Sources */ = {
			isa = PBXSourcesBuildPhase;
			buildActionMask = 2147483647;
			files = (
				1A2425C5295DF3CD00D1C304 /* ContentView.swift in Sources */,
				1A98BE902961DEAE00464FF7 /* BillListView.swift in Sources */,
				1A2425C3295DF3CD00D1C304 /* NPPLegislatureApp.swift in Sources */,
				1A98BE89295E9AD400464FF7 /* QuestionColumnRawData.swift in Sources */,
				1A98BE982961EB2800464FF7 /* BillCore.swift in Sources */,
				1A98BE8B295E9B8600464FF7 /* QuestionResponseRawData.swift in Sources */,
				1A98BE87295E963C00464FF7 /* QuestionRawData.swift in Sources */,
				1A98BE962961E3E500464FF7 /* BillView.swift in Sources */,
				1A98BE81295E955500464FF7 /* BillResponseRawData.swift in Sources */,
				1A98BE922961E0B600464FF7 /* BillListCore.swift in Sources */,
				1A98BE83295E958700464FF7 /* BillColumnRawData.swift in Sources */,
				1A98BE7F295E94CC00464FF7 /* BillRawData.swift in Sources */,
			);
			runOnlyForDeploymentPostprocessing = 0;
		};
/* End PBXSourcesBuildPhase section */

/* Begin XCBuildConfiguration section */
		1A2425CC295DF3CD00D1C304 /* Debug */ = {
			isa = XCBuildConfiguration;
			buildSettings = {
				ALWAYS_SEARCH_USER_PATHS = NO;
				CLANG_ANALYZER_NONNULL = YES;
				CLANG_ANALYZER_NUMBER_OBJECT_CONVERSION = YES_AGGRESSIVE;
				CLANG_CXX_LANGUAGE_STANDARD = "gnu++20";
				CLANG_ENABLE_MODULES = YES;
				CLANG_ENABLE_OBJC_ARC = YES;
				CLANG_ENABLE_OBJC_WEAK = YES;
				CLANG_WARN_BLOCK_CAPTURE_AUTORELEASING = YES;
				CLANG_WARN_BOOL_CONVERSION = YES;
				CLANG_WARN_COMMA = YES;
				CLANG_WARN_CONSTANT_CONVERSION = YES;
				CLANG_WARN_DEPRECATED_OBJC_IMPLEMENTATIONS = YES;
				CLANG_WARN_DIRECT_OBJC_ISA_USAGE = YES_ERROR;
				CLANG_WARN_DOCUMENTATION_COMMENTS = YES;
				CLANG_WARN_EMPTY_BODY = YES;
				CLANG_WARN_ENUM_CONVERSION = YES;
				CLANG_WARN_INFINITE_RECURSION = YES;
				CLANG_WARN_INT_CONVERSION = YES;
				CLANG_WARN_NON_LITERAL_NULL_CONVERSION = YES;
				CLANG_WARN_OBJC_IMPLICIT_RETAIN_SELF = YES;
				CLANG_WARN_OBJC_LITERAL_CONVERSION = YES;
				CLANG_WARN_OBJC_ROOT_CLASS = YES_ERROR;
				CLANG_WARN_QUOTED_INCLUDE_IN_FRAMEWORK_HEADER = YES;
				CLANG_WARN_RANGE_LOOP_ANALYSIS = YES;
				CLANG_WARN_STRICT_PROTOTYPES = YES;
				CLANG_WARN_SUSPICIOUS_MOVE = YES;
				CLANG_WARN_UNGUARDED_AVAILABILITY = YES_AGGRESSIVE;
				CLANG_WARN_UNREACHABLE_CODE = YES;
				CLANG_WARN__DUPLICATE_METHOD_MATCH = YES;
				COPY_PHASE_STRIP = NO;
				DEBUG_INFORMATION_FORMAT = dwarf;
				ENABLE_STRICT_OBJC_MSGSEND = YES;
				ENABLE_TESTABILITY = YES;
				GCC_C_LANGUAGE_STANDARD = gnu11;
				GCC_DYNAMIC_NO_PIC = NO;
				GCC_NO_COMMON_BLOCKS = YES;
				GCC_OPTIMIZATION_LEVEL = 0;
				GCC_PREPROCESSOR_DEFINITIONS = (
					"DEBUG=1",
					"$(inherited)",
				);
				GCC_WARN_64_TO_32_BIT_CONVERSION = YES;
				GCC_WARN_ABOUT_RETURN_TYPE = YES_ERROR;
				GCC_WARN_UNDECLARED_SELECTOR = YES;
				GCC_WARN_UNINITIALIZED_AUTOS = YES_AGGRESSIVE;
				GCC_WARN_UNUSED_FUNCTION = YES;
				GCC_WARN_UNUSED_VARIABLE = YES;
				MTL_ENABLE_DEBUG_INFO = INCLUDE_SOURCE;
				MTL_FAST_MATH = YES;
				ONLY_ACTIVE_ARCH = YES;
				SWIFT_ACTIVE_COMPILATION_CONDITIONS = DEBUG;
				SWIFT_OPTIMIZATION_LEVEL = "-Onone";
			};
			name = Debug;
		};
		1A2425CD295DF3CD00D1C304 /* Release */ = {
			isa = XCBuildConfiguration;
			buildSettings = {
				ALWAYS_SEARCH_USER_PATHS = NO;
				CLANG_ANALYZER_NONNULL = YES;
				CLANG_ANALYZER_NUMBER_OBJECT_CONVERSION = YES_AGGRESSIVE;
				CLANG_CXX_LANGUAGE_STANDARD = "gnu++20";
				CLANG_ENABLE_MODULES = YES;
				CLANG_ENABLE_OBJC_ARC = YES;
				CLANG_ENABLE_OBJC_WEAK = YES;
				CLANG_WARN_BLOCK_CAPTURE_AUTORELEASING = YES;
				CLANG_WARN_BOOL_CONVERSION = YES;
				CLANG_WARN_COMMA = YES;
				CLANG_WARN_CONSTANT_CONVERSION = YES;
				CLANG_WARN_DEPRECATED_OBJC_IMPLEMENTATIONS = YES;
				CLANG_WARN_DIRECT_OBJC_ISA_USAGE = YES_ERROR;
				CLANG_WARN_DOCUMENTATION_COMMENTS = YES;
				CLANG_WARN_EMPTY_BODY = YES;
				CLANG_WARN_ENUM_CONVERSION = YES;
				CLANG_WARN_INFINITE_RECURSION = YES;
				CLANG_WARN_INT_CONVERSION = YES;
				CLANG_WARN_NON_LITERAL_NULL_CONVERSION = YES;
				CLANG_WARN_OBJC_IMPLICIT_RETAIN_SELF = YES;
				CLANG_WARN_OBJC_LITERAL_CONVERSION = YES;
				CLANG_WARN_OBJC_ROOT_CLASS = YES_ERROR;
				CLANG_WARN_QUOTED_INCLUDE_IN_FRAMEWORK_HEADER = YES;
				CLANG_WARN_RANGE_LOOP_ANALYSIS = YES;
				CLANG_WARN_STRICT_PROTOTYPES = YES;
				CLANG_WARN_SUSPICIOUS_MOVE = YES;
				CLANG_WARN_UNGUARDED_AVAILABILITY = YES_AGGRESSIVE;
				CLANG_WARN_UNREACHABLE_CODE = YES;
				CLANG_WARN__DUPLICATE_METHOD_MATCH = YES;
				COPY_PHASE_STRIP = NO;
				DEBUG_INFORMATION_FORMAT = "dwarf-with-dsym";
				ENABLE_NS_ASSERTIONS = NO;
				ENABLE_STRICT_OBJC_MSGSEND = YES;
				GCC_C_LANGUAGE_STANDARD = gnu11;
				GCC_NO_COMMON_BLOCKS = YES;
				GCC_WARN_64_TO_32_BIT_CONVERSION = YES;
				GCC_WARN_ABOUT_RETURN_TYPE = YES_ERROR;
				GCC_WARN_UNDECLARED_SELECTOR = YES;
				GCC_WARN_UNINITIALIZED_AUTOS = YES_AGGRESSIVE;
				GCC_WARN_UNUSED_FUNCTION = YES;
				GCC_WARN_UNUSED_VARIABLE = YES;
				MTL_ENABLE_DEBUG_INFO = NO;
				MTL_FAST_MATH = YES;
				SWIFT_COMPILATION_MODE = wholemodule;
				SWIFT_OPTIMIZATION_LEVEL = "-O";
			};
			name = Release;
		};
		1A2425CF295DF3CD00D1C304 /* Debug */ = {
			isa = XCBuildConfiguration;
			buildSettings = {
				ASSETCATALOG_COMPILER_APPICON_NAME = AppIcon;
				ASSETCATALOG_COMPILER_GLOBAL_ACCENT_COLOR_NAME = AccentColor;
				CODE_SIGN_ENTITLEMENTS = NPPLegislature/NPPLegislature.entitlements;
				CODE_SIGN_STYLE = Automatic;
				CURRENT_PROJECT_VERSION = 1;
				DEVELOPMENT_ASSET_PATHS = "\"NPPLegislature/Preview Content\"";
				DEVELOPMENT_TEAM = 9RREDA5672;
				ENABLE_HARDENED_RUNTIME = YES;
				ENABLE_PREVIEWS = YES;
				GENERATE_INFOPLIST_FILE = YES;
				"INFOPLIST_KEY_UIApplicationSceneManifest_Generation[sdk=iphoneos*]" = YES;
				"INFOPLIST_KEY_UIApplicationSceneManifest_Generation[sdk=iphonesimulator*]" = YES;
				"INFOPLIST_KEY_UIApplicationSupportsIndirectInputEvents[sdk=iphoneos*]" = YES;
				"INFOPLIST_KEY_UIApplicationSupportsIndirectInputEvents[sdk=iphonesimulator*]" = YES;
				"INFOPLIST_KEY_UILaunchScreen_Generation[sdk=iphoneos*]" = YES;
				"INFOPLIST_KEY_UILaunchScreen_Generation[sdk=iphonesimulator*]" = YES;
				"INFOPLIST_KEY_UIStatusBarStyle[sdk=iphoneos*]" = UIStatusBarStyleDefault;
				"INFOPLIST_KEY_UIStatusBarStyle[sdk=iphonesimulator*]" = UIStatusBarStyleDefault;
				INFOPLIST_KEY_UISupportedInterfaceOrientations_iPad = "UIInterfaceOrientationPortrait UIInterfaceOrientationPortraitUpsideDown UIInterfaceOrientationLandscapeLeft UIInterfaceOrientationLandscapeRight";
				INFOPLIST_KEY_UISupportedInterfaceOrientations_iPhone = "UIInterfaceOrientationPortrait UIInterfaceOrientationLandscapeLeft UIInterfaceOrientationLandscapeRight";
				IPHONEOS_DEPLOYMENT_TARGET = 16.0;
				LD_RUNPATH_SEARCH_PATHS = "@executable_path/Frameworks";
				"LD_RUNPATH_SEARCH_PATHS[sdk=macosx*]" = "@executable_path/../Frameworks";
				MACOSX_DEPLOYMENT_TARGET = 12.3;
				MARKETING_VERSION = 1.0;
				PRODUCT_BUNDLE_IDENTIFIER = com.Rice.NPPLegislature;
				PRODUCT_NAME = "$(TARGET_NAME)";
				SDKROOT = auto;
				SUPPORTED_PLATFORMS = "iphoneos iphonesimulator macosx";
				SWIFT_EMIT_LOC_STRINGS = YES;
				SWIFT_VERSION = 5.0;
				TARGETED_DEVICE_FAMILY = "1,2";
			};
			name = Debug;
		};
		1A2425D0295DF3CD00D1C304 /* Release */ = {
			isa = XCBuildConfiguration;
			buildSettings = {
				ASSETCATALOG_COMPILER_APPICON_NAME = AppIcon;
				ASSETCATALOG_COMPILER_GLOBAL_ACCENT_COLOR_NAME = AccentColor;
				CODE_SIGN_ENTITLEMENTS = NPPLegislature/NPPLegislature.entitlements;
				CODE_SIGN_STYLE = Automatic;
				CURRENT_PROJECT_VERSION = 1;
				DEVELOPMENT_ASSET_PATHS = "\"NPPLegislature/Preview Content\"";
				DEVELOPMENT_TEAM = 9RREDA5672;
				ENABLE_HARDENED_RUNTIME = YES;
				ENABLE_PREVIEWS = YES;
				GENERATE_INFOPLIST_FILE = YES;
				"INFOPLIST_KEY_UIApplicationSceneManifest_Generation[sdk=iphoneos*]" = YES;
				"INFOPLIST_KEY_UIApplicationSceneManifest_Generation[sdk=iphonesimulator*]" = YES;
				"INFOPLIST_KEY_UIApplicationSupportsIndirectInputEvents[sdk=iphoneos*]" = YES;
				"INFOPLIST_KEY_UIApplicationSupportsIndirectInputEvents[sdk=iphonesimulator*]" = YES;
				"INFOPLIST_KEY_UILaunchScreen_Generation[sdk=iphoneos*]" = YES;
				"INFOPLIST_KEY_UILaunchScreen_Generation[sdk=iphonesimulator*]" = YES;
				"INFOPLIST_KEY_UIStatusBarStyle[sdk=iphoneos*]" = UIStatusBarStyleDefault;
				"INFOPLIST_KEY_UIStatusBarStyle[sdk=iphonesimulator*]" = UIStatusBarStyleDefault;
				INFOPLIST_KEY_UISupportedInterfaceOrientations_iPad = "UIInterfaceOrientationPortrait UIInterfaceOrientationPortraitUpsideDown UIInterfaceOrientationLandscapeLeft UIInterfaceOrientationLandscapeRight";
				INFOPLIST_KEY_UISupportedInterfaceOrientations_iPhone = "UIInterfaceOrientationPortrait UIInterfaceOrientationLandscapeLeft UIInterfaceOrientationLandscapeRight";
				IPHONEOS_DEPLOYMENT_TARGET = 16.0;
				LD_RUNPATH_SEARCH_PATHS = "@executable_path/Frameworks";
				"LD_RUNPATH_SEARCH_PATHS[sdk=macosx*]" = "@executable_path/../Frameworks";
				MACOSX_DEPLOYMENT_TARGET = 12.3;
				MARKETING_VERSION = 1.0;
				PRODUCT_BUNDLE_IDENTIFIER = com.Rice.NPPLegislature;
				PRODUCT_NAME = "$(TARGET_NAME)";
				SDKROOT = auto;
				SUPPORTED_PLATFORMS = "iphoneos iphonesimulator macosx";
				SWIFT_EMIT_LOC_STRINGS = YES;
				SWIFT_VERSION = 5.0;
				TARGETED_DEVICE_FAMILY = "1,2";
			};
			name = Release;
		};
/* End XCBuildConfiguration section */

/* Begin XCConfigurationList section */
		1A2425BA295DF3CC00D1C304 /* Build configuration list for PBXProject "NPPLegislature" */ = {
			isa = XCConfigurationList;
			buildConfigurations = (
				1A2425CC295DF3CD00D1C304 /* Debug */,
				1A2425CD295DF3CD00D1C304 /* Release */,
			);
			defaultConfigurationIsVisible = 0;
			defaultConfigurationName = Release;
		};
		1A2425CE295DF3CD00D1C304 /* Build configuration list for PBXNativeTarget "NPPLegislature" */ = {
			isa = XCConfigurationList;
			buildConfigurations = (
				1A2425CF295DF3CD00D1C304 /* Debug */,
				1A2425D0295DF3CD00D1C304 /* Release */,
			);
			defaultConfigurationIsVisible = 0;
			defaultConfigurationName = Release;
		};
/* End XCConfigurationList section */

/* Begin XCRemoteSwiftPackageReference section */
		1A2425D1295DF45E00D1C304 /* XCRemoteSwiftPackageReference "swift-composable-architecture" */ = {
			isa = XCRemoteSwiftPackageReference;
			repositoryURL = "https://github.com/pointfreeco/swift-composable-architecture";
			requirement = {
				kind = upToNextMajorVersion;
				minimumVersion = 0.9.0;
			};
		};
/* End XCRemoteSwiftPackageReference section */

/* Begin XCSwiftPackageProductDependency section */
		1A2425D2295DF45E00D1C304 /* ComposableArchitecture */ = {
			isa = XCSwiftPackageProductDependency;
			package = 1A2425D1295DF45E00D1C304 /* XCRemoteSwiftPackageReference "swift-composable-architecture" */;
			productName = ComposableArchitecture;
		};
		1A2425D4295DF45E00D1C304 /* Dependencies */ = {
			isa = XCSwiftPackageProductDependency;
			package = 1A2425D1295DF45E00D1C304 /* XCRemoteSwiftPackageReference "swift-composable-architecture" */;
			productName = Dependencies;
		};
/* End XCSwiftPackageProductDependency section */
	};
	rootObject = 1A2425B7295DF3CC00D1C304 /* Project object */;
}
